{
  "name": "exemples-angularjs",
  "dependencies": {
    "@types/angular": {
      "version": "1.5.19",
      "from": "@types/angular@latest",
      "resolved": "https://registry.npmjs.org/@types/angular/-/angular-1.5.19.tgz"
    },
    "@types/jquery": {
      "version": "2.0.33",
      "from": "@types/jquery@*",
      "resolved": "https://registry.npmjs.org/@types/jquery/-/jquery-2.0.33.tgz"
    },
    "angular": {
      "version": "1.5.8",
      "from": "angular@1.5.8",
      "resolved": "https://registry.npmjs.org/angular/-/angular-1.5.8.tgz"
    }
  }
}
